{
  "name": "@justhxnry/randoms-cli",
  "version": "1.0.0",
  "lockfileVersion": 2,
  "requires": true,
  "packages": {
    "": {
      "name": "@justhxnry/randoms-cli",
      "version": "1.0.0",
      "license": "ISC",
      "dependencies": {
        "@justhxnry/randoms": "^1.1.0",
        "readline": "^1.3.0"
      },
      "bin": {
        "randoms": "bin/cli.js"
      }
    },
    "node_modules/@justhxnry/randoms": {
      "version": "1.1.0",
      "resolved": "https://registry.npmjs.org/@justhxnry/randoms/-/randoms-1.1.0.tgz",
      "integrity": "sha512-v3wIC/Ggg3qjtBsereM/T64o/E8gFY8gXxwU+2sJlrm3wJm0n2lQmgTfuUbkkShXizE7TpyTW4nVSkbWyVhQ6Q=="
    },
    "node_modules/readline": {
      "version": "1.3.0",
      "resolved": "https://registry.npmjs.org/readline/-/readline-1.3.0.tgz",
      "integrity": "sha512-k2d6ACCkiNYz222Fs/iNze30rRJ1iIicW7JuX/7/cozvih6YCkFZH+J6mAFDVgv0dRBaAyr4jDqC95R2y4IADg=="
    }
  },
  "dependencies": {
    "@justhxnry/randoms": {
      "version": "1.1.0",
      "resolved": "https://registry.npmjs.org/@justhxnry/randoms/-/randoms-1.1.0.tgz",
      "integrity": "sha512-v3wIC/Ggg3qjtBsereM/T64o/E8gFY8gXxwU+2sJlrm3wJm0n2lQmgTfuUbkkShXizE7TpyTW4nVSkbWyVhQ6Q=="
    },
    "readline": {
      "version": "1.3.0",
      "resolved": "https://registry.npmjs.org/readline/-/readline-1.3.0.tgz",
      "integrity": "sha512-k2d6ACCkiNYz222Fs/iNze30rRJ1iIicW7JuX/7/cozvih6YCkFZH+J6mAFDVgv0dRBaAyr4jDqC95R2y4IADg=="
    }
  }
}
